// !$*UTF8*$!
{
	archiveVersion = 1;
	classes = {
	};
	objectVersion = 55;
	objects = {

/* Begin PBXBuildFile section */
		368B29D529C016AA000E879B /* AppDelegate.swift in Sources */ = {isa = PBXBuildFile; fileRef = 368B29D429C016AA000E879B /* AppDelegate.swift */; };
		368B29D729C016AA000E879B /* SceneDelegate.swift in Sources */ = {isa = PBXBuildFile; fileRef = 368B29D629C016AA000E879B /* SceneDelegate.swift */; };
		368B29DC29C016AA000E879B /* Main.storyboard in Resources */ = {isa = PBXBuildFile; fileRef = 368B29DA29C016AA000E879B /* Main.storyboard */; };
		368B29DE29C016AC000E879B /* Assets.xcassets in Resources */ = {isa = PBXBuildFile; fileRef = 368B29DD29C016AC000E879B /* Assets.xcassets */; };
		368B29E129C016AC000E879B /* LaunchScreen.storyboard in Resources */ = {isa = PBXBuildFile; fileRef = 368B29DF29C016AC000E879B /* LaunchScreen.storyboard */; };
		368B29EE29C0173C000E879B /* TodosModel.swift in Sources */ = {isa = PBXBuildFile; fileRef = 368B29ED29C0173C000E879B /* TodosModel.swift */; };
		368B29F129C0182B000E879B /* ApiService.swift in Sources */ = {isa = PBXBuildFile; fileRef = 368B29F029C0182B000E879B /* ApiService.swift */; };
		368B29F329C01B92000E879B /* TodosViewModel.swift in Sources */ = {isa = PBXBuildFile; fileRef = 368B29F229C01B92000E879B /* TodosViewModel.swift */; };
		368B29F629C02001000E879B /* TodosTableViewCell.swift in Sources */ = {isa = PBXBuildFile; fileRef = 368B29F429C02001000E879B /* TodosTableViewCell.swift */; };
		368B29F729C02001000E879B /* TodosTableViewCell.xib in Resources */ = {isa = PBXBuildFile; fileRef = 368B29F529C02001000E879B /* TodosTableViewCell.xib */; };
		368B29F929C0201D000E879B /* TodosViewController.swift in Sources */ = {isa = PBXBuildFile; fileRef = 368B29F829C0201D000E879B /* TodosViewController.swift */; };
		C6FFE1D029C16773003771D5 /* PhotosModel.swift in Sources */ = {isa = PBXBuildFile; fileRef = C6FFE1CF29C16773003771D5 /* PhotosModel.swift */; };
		C6FFE1D529C16A92003771D5 /* PhotosTableViewCell.swift in Sources */ = {isa = PBXBuildFile; fileRef = C6FFE1D329C16A92003771D5 /* PhotosTableViewCell.swift */; };
		C6FFE1D629C16A92003771D5 /* PhotosTableViewCell.xib in Resources */ = {isa = PBXBuildFile; fileRef = C6FFE1D429C16A92003771D5 /* PhotosTableViewCell.xib */; };
		C6FFE1D829C16AC5003771D5 /* PhotosViewModel.swift in Sources */ = {isa = PBXBuildFile; fileRef = C6FFE1D729C16AC5003771D5 /* PhotosViewModel.swift */; };
/* End PBXBuildFile section */

/* Begin PBXFileReference section */
		368B29D129C016AA000E879B /* TodosMVVM.app */ = {isa = PBXFileReference; explicitFileType = wrapper.application; includeInIndex = 0; path = TodosMVVM.app; sourceTree = BUILT_PRODUCTS_DIR; };
		368B29D429C016AA000E879B /* AppDelegate.swift */ = {isa = PBXFileReference; lastKnownFileType = sourcecode.swift; path = AppDelegate.swift; sourceTree = "<group>"; };
		368B29D629C016AA000E879B /* SceneDelegate.swift */ = {isa = PBXFileReference; lastKnownFileType = sourcecode.swift; path = SceneDelegate.swift; sourceTree = "<group>"; };
		368B29DB29C016AA000E879B /* Base */ = {isa = PBXFileReference; lastKnownFileType = file.storyboard; name = Base; path = Base.lproj/Main.storyboard; sourceTree = "<group>"; };
		368B29DD29C016AC000E879B /* Assets.xcassets */ = {isa = PBXFileReference; lastKnownFileType = folder.assetcatalog; path = Assets.xcassets; sourceTree = "<group>"; };
		368B29E029C016AC000E879B /* Base */ = {isa = PBXFileReference; lastKnownFileType = file.storyboard; name = Base; path = Base.lproj/LaunchScreen.storyboard; sourceTree = "<group>"; };
		368B29E229C016AC000E879B /* Info.plist */ = {isa = PBXFileReference; lastKnownFileType = text.plist.xml; path = Info.plist; sourceTree = "<group>"; };
		368B29ED29C0173C000E879B /* TodosModel.swift */ = {isa = PBXFileReference; lastKnownFileType = sourcecode.swift; path = TodosModel.swift; sourceTree = "<group>"; };
		368B29F029C0182B000E879B /* ApiService.swift */ = {isa = PBXFileReference; lastKnownFileType = sourcecode.swift; path = ApiService.swift; sourceTree = "<group>"; };
		368B29F229C01B92000E879B /* TodosViewModel.swift */ = {isa = PBXFileReference; lastKnownFileType = sourcecode.swift; path = TodosViewModel.swift; sourceTree = "<group>"; };
		368B29F429C02001000E879B /* TodosTableViewCell.swift */ = {isa = PBXFileReference; lastKnownFileType = sourcecode.swift; path = TodosTableViewCell.swift; sourceTree = "<group>"; };
		368B29F529C02001000E879B /* TodosTableViewCell.xib */ = {isa = PBXFileReference; lastKnownFileType = file.xib; path = TodosTableViewCell.xib; sourceTree = "<group>"; };
		368B29F829C0201D000E879B /* TodosViewController.swift */ = {isa = PBXFileReference; lastKnownFileType = sourcecode.swift; path = TodosViewController.swift; sourceTree = "<group>"; };
		C6FFE1CF29C16773003771D5 /* PhotosModel.swift */ = {isa = PBXFileReference; lastKnownFileType = sourcecode.swift; path = PhotosModel.swift; sourceTree = "<group>"; };
		C6FFE1D329C16A92003771D5 /* PhotosTableViewCell.swift */ = {isa = PBXFileReference; lastKnownFileType = sourcecode.swift; path = PhotosTableViewCell.swift; sourceTree = "<group>"; };
		C6FFE1D429C16A92003771D5 /* PhotosTableViewCell.xib */ = {isa = PBXFileReference; lastKnownFileType = file.xib; path = PhotosTableViewCell.xib; sourceTree = "<group>"; };
		C6FFE1D729C16AC5003771D5 /* PhotosViewModel.swift */ = {isa = PBXFileReference; lastKnownFileType = sourcecode.swift; path = PhotosViewModel.swift; sourceTree = "<group>"; };
/* End PBXFileReference section */

/* Begin PBXFrameworksBuildPhase section */
		368B29CE29C016AA000E879B /* Frameworks */ = {
			isa = PBXFrameworksBuildPhase;
			buildActionMask = 2147483647;
			files = (
			);
			runOnlyForDeploymentPostprocessing = 0;
		};
/* End PBXFrameworksBuildPhase section */

/* Begin PBXGroup section */
		368B29C829C016AA000E879B = {
			isa = PBXGroup;
			children = (
				368B29D329C016AA000E879B /* TodosMVVM */,
				368B29D229C016AA000E879B /* Products */,
			);
			sourceTree = "<group>";
		};
		368B29D229C016AA000E879B /* Products */ = {
			isa = PBXGroup;
			children = (
				368B29D129C016AA000E879B /* TodosMVVM.app */,
			);
			name = Products;
			sourceTree = "<group>";
		};
		368B29D329C016AA000E879B /* TodosMVVM */ = {
			isa = PBXGroup;
			children = (
				368B29EF29C01816000E879B /* Networking */,
				368B29E829C016C6000E879B /* Module */,
				368B29D429C016AA000E879B /* AppDelegate.swift */,
				368B29D629C016AA000E879B /* SceneDelegate.swift */,
				368B29DA29C016AA000E879B /* Main.storyboard */,
				368B29DD29C016AC000E879B /* Assets.xcassets */,
				368B29DF29C016AC000E879B /* LaunchScreen.storyboard */,
				368B29E229C016AC000E879B /* Info.plist */,
			);
			path = TodosMVVM;
			sourceTree = "<group>";
		};
		368B29E829C016C6000E879B /* Module */ = {
			isa = PBXGroup;
			children = (
				368B29EC29C016FB000E879B /* TodosList */,
			);
			path = Module;
			sourceTree = "<group>";
		};
		368B29E929C016D4000E879B /* View */ = {
			isa = PBXGroup;
			children = (
				C6FFE1D229C16A61003771D5 /* TodosTableViewCell */,
				C6FFE1D129C16A4A003771D5 /* PhotosTableViewCell */,
				368B29F829C0201D000E879B /* TodosViewController.swift */,
			);
			path = View;
			sourceTree = "<group>";
		};
		368B29EA29C016DD000E879B /* Model */ = {
			isa = PBXGroup;
			children = (
				368B29ED29C0173C000E879B /* TodosModel.swift */,
				C6FFE1CF29C16773003771D5 /* PhotosModel.swift */,
			);
			path = Model;
			sourceTree = "<group>";
		};
		368B29EB29C016F1000E879B /* View Model */ = {
			isa = PBXGroup;
			children = (
				368B29F229C01B92000E879B /* TodosViewModel.swift */,
				C6FFE1D729C16AC5003771D5 /* PhotosViewModel.swift */,
			);
			path = "View Model";
			sourceTree = "<group>";
		};
		368B29EC29C016FB000E879B /* TodosList */ = {
			isa = PBXGroup;
			children = (
				368B29E929C016D4000E879B /* View */,
				368B29EA29C016DD000E879B /* Model */,
				368B29EB29C016F1000E879B /* View Model */,
			);
			path = TodosList;
			sourceTree = "<group>";
		};
		368B29EF29C01816000E879B /* Networking */ = {
			isa = PBXGroup;
			children = (
				368B29F029C0182B000E879B /* ApiService.swift */,
			);
			path = Networking;
			sourceTree = "<group>";
		};
		C6FFE1D129C16A4A003771D5 /* PhotosTableViewCell */ = {
			isa = PBXGroup;
			children = (
				C6FFE1D329C16A92003771D5 /* PhotosTableViewCell.swift */,
				C6FFE1D429C16A92003771D5 /* PhotosTableViewCell.xib */,
			);
			path = PhotosTableViewCell;
			sourceTree = "<group>";
		};
		C6FFE1D229C16A61003771D5 /* TodosTableViewCell */ = {
			isa = PBXGroup;
			children = (
				368B29F429C02001000E879B /* TodosTableViewCell.swift */,
				368B29F529C02001000E879B /* TodosTableViewCell.xib */,
			);
			path = TodosTableViewCell;
			sourceTree = "<group>";
		};
/* End PBXGroup section */

/* Begin PBXNativeTarget section */
		368B29D029C016AA000E879B /* TodosMVVM */ = {
			isa = PBXNativeTarget;
			buildConfigurationList = 368B29E529C016AC000E879B /* Build configuration list for PBXNativeTarget "TodosMVVM" */;
			buildPhases = (
				368B29CD29C016AA000E879B /* Sources */,
				368B29CE29C016AA000E879B /* Frameworks */,
				368B29CF29C016AA000E879B /* Resources */,
			);
			buildRules = (
			);
			dependencies = (
			);
			name = TodosMVVM;
			productName = TodosMVVM;
			productReference = 368B29D129C016AA000E879B /* TodosMVVM.app */;
			productType = "com.apple.product-type.application";
		};
/* End PBXNativeTarget section */

/* Begin PBXProject section */
		368B29C929C016AA000E879B /* Project object */ = {
			isa = PBXProject;
			attributes = {
				BuildIndependentTargetsInParallel = 1;
				LastSwiftUpdateCheck = 1340;
				LastUpgradeCheck = 1340;
				TargetAttributes = {
					368B29D029C016AA000E879B = {
						CreatedOnToolsVersion = 13.4.1;
					};
				};
			};
			buildConfigurationList = 368B29CC29C016AA000E879B /* Build configuration list for PBXProject "TodosMVVM" */;
			compatibilityVersion = "Xcode 13.0";
			developmentRegion = en;
			hasScannedForEncodings = 0;
			knownRegions = (
				en,
				Base,
			);
			mainGroup = 368B29C829C016AA000E879B;
			productRefGroup = 368B29D229C016AA000E879B /* Products */;
			projectDirPath = "";
			projectRoot = "";
			targets = (
				368B29D029C016AA000E879B /* TodosMVVM */,
			);
		};
/* End PBXProject section */

/* Begin PBXResourcesBuildPhase section */
		368B29CF29C016AA000E879B /* Resources */ = {
			isa = PBXResourcesBuildPhase;
			buildActionMask = 2147483647;
			files = (
				368B29E129C016AC000E879B /* LaunchScreen.storyboard in Resources */,
				368B29DE29C016AC000E879B /* Assets.xcassets in Resources */,
				368B29DC29C016AA000E879B /* Main.storyboard in Resources */,
				368B29F729C02001000E879B /* TodosTableViewCell.xib in Resources */,
				C6FFE1D629C16A92003771D5 /* PhotosTableViewCell.xib in Resources */,
			);
			runOnlyForDeploymentPostprocessing = 0;
		};
/* End PBXResourcesBuildPhase section */

/* Begin PBXSourcesBuildPhase section */
		368B29CD29C016AA000E879B /* Sources */ = {
			isa = PBXSourcesBuildPhase;
			buildActionMask = 2147483647;
			files = (
				C6FFE1D529C16A92003771D5 /* PhotosTableViewCell.swift in Sources */,
				368B29D529C016AA000E879B /* AppDelegate.swift in Sources */,
				368B29F629C02001000E879B /* TodosTableViewCell.swift in Sources */,
				C6FFE1D029C16773003771D5 /* PhotosModel.swift in Sources */,
				368B29F929C0201D000E879B /* TodosViewController.swift in Sources */,
				368B29F329C01B92000E879B /* TodosViewModel.swift in Sources */,
				368B29EE29C0173C000E879B /* TodosModel.swift in Sources */,
				C6FFE1D829C16AC5003771D5 /* PhotosViewModel.swift in Sources */,
				368B29F129C0182B000E879B /* ApiService.swift in Sources */,
				368B29D729C016AA000E879B /* SceneDelegate.swift in Sources */,
			);
			runOnlyForDeploymentPostprocessing = 0;
		};
/* End PBXSourcesBuildPhase section */

/* Begin PBXVariantGroup section */
		368B29DA29C016AA000E879B /* Main.storyboard */ = {
			isa = PBXVariantGroup;
			children = (
				368B29DB29C016AA000E879B /* Base */,
			);
			name = Main.storyboard;
			sourceTree = "<group>";
		};
		368B29DF29C016AC000E879B /* LaunchScreen.storyboard */ = {
			isa = PBXVariantGroup;
			children = (
				368B29E029C016AC000E879B /* Base */,
			);
			name = LaunchScreen.storyboard;
			sourceTree = "<group>";
		};
/* End PBXVariantGroup section */

/* Begin XCBuildConfiguration section */
		368B29E329C016AC000E879B /* Debug */ = {
			isa = XCBuildConfiguration;
			buildSettings = {
				ALWAYS_SEARCH_USER_PATHS = NO;
				CLANG_ANALYZER_NONNULL = YES;
				CLANG_ANALYZER_NUMBER_OBJECT_CONVERSION = YES_AGGRESSIVE;
				CLANG_CXX_LANGUAGE_STANDARD = "gnu++17";
				CLANG_ENABLE_MODULES = YES;
				CLANG_ENABLE_OBJC_ARC = YES;
				CLANG_ENABLE_OBJC_WEAK = YES;
				CLANG_WARN_BLOCK_CAPTURE_AUTORELEASING = YES;
				CLANG_WARN_BOOL_CONVERSION = YES;
				CLANG_WARN_COMMA = YES;
				CLANG_WARN_CONSTANT_CONVERSION = YES;
				CLANG_WARN_DEPRECATED_OBJC_IMPLEMENTATIONS = YES;
				CLANG_WARN_DIRECT_OBJC_ISA_USAGE = YES_ERROR;
				CLANG_WARN_DOCUMENTATION_COMMENTS = YES;
				CLANG_WARN_EMPTY_BODY = YES;
				CLANG_WARN_ENUM_CONVERSION = YES;
				CLANG_WARN_INFINITE_RECURSION = YES;
				CLANG_WARN_INT_CONVERSION = YES;
				CLANG_WARN_NON_LITERAL_NULL_CONVERSION = YES;
				CLANG_WARN_OBJC_IMPLICIT_RETAIN_SELF = YES;
				CLANG_WARN_OBJC_LITERAL_CONVERSION = YES;
				CLANG_WARN_OBJC_ROOT_CLASS = YES_ERROR;
				CLANG_WARN_QUOTED_INCLUDE_IN_FRAMEWORK_HEADER = YES;
				CLANG_WARN_RANGE_LOOP_ANALYSIS = YES;
				CLANG_WARN_STRICT_PROTOTYPES = YES;
				CLANG_WARN_SUSPICIOUS_MOVE = YES;
				CLANG_WARN_UNGUARDED_AVAILABILITY = YES_AGGRESSIVE;
				CLANG_WARN_UNREACHABLE_CODE = YES;
				CLANG_WARN__DUPLICATE_METHOD_MATCH = YES;
				COPY_PHASE_STRIP = NO;
				DEBUG_INFORMATION_FORMAT = dwarf;
				ENABLE_STRICT_OBJC_MSGSEND = YES;
				ENABLE_TESTABILITY = YES;
				GCC_C_LANGUAGE_STANDARD = gnu11;
				GCC_DYNAMIC_NO_PIC = NO;
				GCC_NO_COMMON_BLOCKS = YES;
				GCC_OPTIMIZATION_LEVEL = 0;
				GCC_PREPROCESSOR_DEFINITIONS = (
					"DEBUG=1",
					"$(inherited)",
				);
				GCC_WARN_64_TO_32_BIT_CONVERSION = YES;
				GCC_WARN_ABOUT_RETURN_TYPE = YES_ERROR;
				GCC_WARN_UNDECLARED_SELECTOR = YES;
				GCC_WARN_UNINITIALIZED_AUTOS = YES_AGGRESSIVE;
				GCC_WARN_UNUSED_FUNCTION = YES;
				GCC_WARN_UNUSED_VARIABLE = YES;
				IPHONEOS_DEPLOYMENT_TARGET = 15.5;
				MTL_ENABLE_DEBUG_INFO = INCLUDE_SOURCE;
				MTL_FAST_MATH = YES;
				ONLY_ACTIVE_ARCH = YES;
				SDKROOT = iphoneos;
				SWIFT_ACTIVE_COMPILATION_CONDITIONS = DEBUG;
				SWIFT_OPTIMIZATION_LEVEL = "-Onone";
			};
			name = Debug;
		};
		368B29E429C016AC000E879B /* Release */ = {
			isa = XCBuildConfiguration;
			buildSettings = {
				ALWAYS_SEARCH_USER_PATHS = NO;
				CLANG_ANALYZER_NONNULL = YES;
				CLANG_ANALYZER_NUMBER_OBJECT_CONVERSION = YES_AGGRESSIVE;
				CLANG_CXX_LANGUAGE_STANDARD = "gnu++17";
				CLANG_ENABLE_MODULES = YES;
				CLANG_ENABLE_OBJC_ARC = YES;
				CLANG_ENABLE_OBJC_WEAK = YES;
				CLANG_WARN_BLOCK_CAPTURE_AUTORELEASING = YES;
				CLANG_WARN_BOOL_CONVERSION = YES;
				CLANG_WARN_COMMA = YES;
				CLANG_WARN_CONSTANT_CONVERSION = YES;
				CLANG_WARN_DEPRECATED_OBJC_IMPLEMENTATIONS = YES;
				CLANG_WARN_DIRECT_OBJC_ISA_USAGE = YES_ERROR;
				CLANG_WARN_DOCUMENTATION_COMMENTS = YES;
				CLANG_WARN_EMPTY_BODY = YES;
				CLANG_WARN_ENUM_CONVERSION = YES;
				CLANG_WARN_INFINITE_RECURSION = YES;
				CLANG_WARN_INT_CONVERSION = YES;
				CLANG_WARN_NON_LITERAL_NULL_CONVERSION = YES;
				CLANG_WARN_OBJC_IMPLICIT_RETAIN_SELF = YES;
				CLANG_WARN_OBJC_LITERAL_CONVERSION = YES;
				CLANG_WARN_OBJC_ROOT_CLASS = YES_ERROR;
				CLANG_WARN_QUOTED_INCLUDE_IN_FRAMEWORK_HEADER = YES;
				CLANG_WARN_RANGE_LOOP_ANALYSIS = YES;
				CLANG_WARN_STRICT_PROTOTYPES = YES;
				CLANG_WARN_SUSPICIOUS_MOVE = YES;
				CLANG_WARN_UNGUARDED_AVAILABILITY = YES_AGGRESSIVE;
				CLANG_WARN_UNREACHABLE_CODE = YES;
				CLANG_WARN__DUPLICATE_METHOD_MATCH = YES;
				COPY_PHASE_STRIP = NO;
				DEBUG_INFORMATION_FORMAT = "dwarf-with-dsym";
				ENABLE_NS_ASSERTIONS = NO;
				ENABLE_STRICT_OBJC_MSGSEND = YES;
				GCC_C_LANGUAGE_STANDARD = gnu11;
				GCC_NO_COMMON_BLOCKS = YES;
				GCC_WARN_64_TO_32_BIT_CONVERSION = YES;
				GCC_WARN_ABOUT_RETURN_TYPE = YES_ERROR;
				GCC_WARN_UNDECLARED_SELECTOR = YES;
				GCC_WARN_UNINITIALIZED_AUTOS = YES_AGGRESSIVE;
				GCC_WARN_UNUSED_FUNCTION = YES;
				GCC_WARN_UNUSED_VARIABLE = YES;
				IPHONEOS_DEPLOYMENT_TARGET = 15.5;
				MTL_ENABLE_DEBUG_INFO = NO;
				MTL_FAST_MATH = YES;
				SDKROOT = iphoneos;
				SWIFT_COMPILATION_MODE = wholemodule;
				SWIFT_OPTIMIZATION_LEVEL = "-O";
				VALIDATE_PRODUCT = YES;
			};
			name = Release;
		};
		368B29E629C016AC000E879B /* Debug */ = {
			isa = XCBuildConfiguration;
			buildSettings = {
				ASSETCATALOG_COMPILER_APPICON_NAME = AppIcon;
				ASSETCATALOG_COMPILER_GLOBAL_ACCENT_COLOR_NAME = AccentColor;
				CODE_SIGN_STYLE = Automatic;
				CURRENT_PROJECT_VERSION = 1;
				GENERATE_INFOPLIST_FILE = YES;
				INFOPLIST_FILE = TodosMVVM/Info.plist;
				INFOPLIST_KEY_UIApplicationSupportsIndirectInputEvents = YES;
				INFOPLIST_KEY_UILaunchStoryboardName = LaunchScreen;
				INFOPLIST_KEY_UIMainStoryboardFile = Main;
				INFOPLIST_KEY_UISupportedInterfaceOrientations_iPad = "UIInterfaceOrientationPortrait UIInterfaceOrientationPortraitUpsideDown UIInterfaceOrientationLandscapeLeft UIInterfaceOrientationLandscapeRight";
				INFOPLIST_KEY_UISupportedInterfaceOrientations_iPhone = "UIInterfaceOrientationPortrait UIInterfaceOrientationLandscapeLeft UIInterfaceOrientationLandscapeRight";
				LD_RUNPATH_SEARCH_PATHS = (
					"$(inherited)",
					"@executable_path/Frameworks",
				);
				MARKETING_VERSION = 1.0;
				PRODUCT_BUNDLE_IDENTIFIER = plearn.TodosMVVM;
				PRODUCT_NAME = "$(TARGET_NAME)";
				SWIFT_EMIT_LOC_STRINGS = YES;
				SWIFT_VERSION = 5.0;
				TARGETED_DEVICE_FAMILY = "1,2";
			};
			name = Debug;
		};
		368B29E729C016AC000E879B /* Release */ = {
			isa = XCBuildConfiguration;
			buildSettings = {
				ASSETCATALOG_COMPILER_APPICON_NAME = AppIcon;
				ASSETCATALOG_COMPILER_GLOBAL_ACCENT_COLOR_NAME = AccentColor;
				CODE_SIGN_STYLE = Automatic;
				CURRENT_PROJECT_VERSION = 1;
				GENERATE_INFOPLIST_FILE = YES;
				INFOPLIST_FILE = TodosMVVM/Info.plist;
				INFOPLIST_KEY_UIApplicationSupportsIndirectInputEvents = YES;
				INFOPLIST_KEY_UILaunchStoryboardName = LaunchScreen;
				INFOPLIST_KEY_UIMainStoryboardFile = Main;
				INFOPLIST_KEY_UISupportedInterfaceOrientations_iPad = "UIInterfaceOrientationPortrait UIInterfaceOrientationPortraitUpsideDown UIInterfaceOrientationLandscapeLeft UIInterfaceOrientationLandscapeRight";
				INFOPLIST_KEY_UISupportedInterfaceOrientations_iPhone = "UIInterfaceOrientationPortrait UIInterfaceOrientationLandscapeLeft UIInterfaceOrientationLandscapeRight";
				LD_RUNPATH_SEARCH_PATHS = (
					"$(inherited)",
					"@executable_path/Frameworks",
				);
				MARKETING_VERSION = 1.0;
				PRODUCT_BUNDLE_IDENTIFIER = plearn.TodosMVVM;
				PRODUCT_NAME = "$(TARGET_NAME)";
				SWIFT_EMIT_LOC_STRINGS = YES;
				SWIFT_VERSION = 5.0;
				TARGETED_DEVICE_FAMILY = "1,2";
			};
			name = Release;
		};
/* End XCBuildConfiguration section */

/* Begin XCConfigurationList section */
		368B29CC29C016AA000E879B /* Build configuration list for PBXProject "TodosMVVM" */ = {
			isa = XCConfigurationList;
			buildConfigurations = (
				368B29E329C016AC000E879B /* Debug */,
				368B29E429C016AC000E879B /* Release */,
			);
			defaultConfigurationIsVisible = 0;
			defaultConfigurationName = Release;
		};
		368B29E529C016AC000E879B /* Build configuration list for PBXNativeTarget "TodosMVVM" */ = {
			isa = XCConfigurationList;
			buildConfigurations = (
				368B29E629C016AC000E879B /* Debug */,
				368B29E729C016AC000E879B /* Release */,
			);
			defaultConfigurationIsVisible = 0;
			defaultConfigurationName = Release;
		};
/* End XCConfigurationList section */
	};
	rootObject = 368B29C929C016AA000E879B /* Project object */;
}
